
Microsoft Visual Studio Solution File, Format Version 12.00
# Visual Studio Version 17
VisualStudioVersion = 17.9.34607.119
MinimumVisualStudioVersion = 10.0.40219.1
Project("{FAE04EC0-301F-11D3-BF4B-00C04F79EFBC}") = "AIUB Offered Course", "AIUB Offered Course\AIUB Offered Course.csproj", "{083B76FD-212F-4B1F-A04E-42F2454EADE9}"
EndProject
Global
	GlobalSection(SolutionConfigurationPlatforms) = preSolution
		Debug|Any CPU = Debug|Any CPU
		Release|Any CPU = Release|Any CPU
	EndGlobalSection
	GlobalSection(ProjectConfigurationPlatforms) = postSolution
		{083B76FD-212F-4B1F-A04E-42F2454EADE9}.Debug|Any CPU.ActiveCfg = Debug|Any CPU
		{083B76FD-212F-4B1F-A04E-42F2454EADE9}.Debug|Any CPU.Build.0 = Debug|Any CPU
		{083B76FD-212F-4B1F-A04E-42F2454EADE9}.Release|Any CPU.ActiveCfg = Release|Any CPU
		{083B76FD-212F-4B1F-A04E-42F2454EADE9}.Release|Any CPU.Build.0 = Release|Any CPU
	EndGlobalSection
	GlobalSection(SolutionProperties) = preSolution
		HideSolutionNode = FALSE
	EndGlobalSection
	GlobalSection(ExtensibilityGlobals) = postSolution
		SolutionGuid = {9719384D-4462-4950-A860-DFE333DE3DBB}
	EndGlobalSection
EndGlobal
